
Microsoft Visual Studio Solution File, Format Version 12.00
# Visual Studio Version 16
VisualStudioVersion = 16.0.32630.194
MinimumVisualStudioVersion = 10.0.40219.1
Project("{FAE04EC0-301F-11D3-BF4B-00C04F79EFBC}") = "Arayuz_Tasarlama_Odevi_Alperen_Aydin", "Arayuz_Tasarlama_Odevi_Alperen_Aydin\Arayuz_Tasarlama_Odevi_Alperen_Aydin.csproj", "{FFD2B10A-A5EA-4CBE-9688-28C73A21B73C}"
EndProject
Global
	GlobalSection(SolutionConfigurationPlatforms) = preSolution
		Debug|Any CPU = Debug|Any CPU
		Release|Any CPU = Release|Any CPU
	EndGlobalSection
	GlobalSection(ProjectConfigurationPlatforms) = postSolution
		{FFD2B10A-A5EA-4CBE-9688-28C73A21B73C}.Debug|Any CPU.ActiveCfg = Debug|Any CPU
		{FFD2B10A-A5EA-4CBE-9688-28C73A21B73C}.Debug|Any CPU.Build.0 = Debug|Any CPU
		{FFD2B10A-A5EA-4CBE-9688-28C73A21B73C}.Release|Any CPU.ActiveCfg = Release|Any CPU
		{FFD2B10A-A5EA-4CBE-9688-28C73A21B73C}.Release|Any CPU.Build.0 = Release|Any CPU
	EndGlobalSection
	GlobalSection(SolutionProperties) = preSolution
		HideSolutionNode = FALSE
	EndGlobalSection
	GlobalSection(ExtensibilityGlobals) = postSolution
		SolutionGuid = {7711AB8C-4A3D-4DAE-9A81-305137B1FD28}
	EndGlobalSection
EndGlobal
